
Microsoft Visual Studio Solution File, Format Version 12.00
# Visual Studio 15
VisualStudioVersion = 15.0.27703.2035
MinimumVisualStudioVersion = 10.0.40219.1
Project("{FAE04EC0-301F-11D3-BF4B-00C04F79EFBC}") = "LibflClassLibrary", "LibflClassLibrary\LibflClassLibrary.csproj", "{CA4020F7-B048-4DFA-9E13-3E04DB83B093}"
EndProject
Project("{FAE04EC0-301F-11D3-BF4B-00C04F79EFBC}") = "CirculationSCC", "CirculationSCC\CirculationSCC.csproj", "{1163F022-8067-4B60-ACC3-C37FD5EA86DA}"
EndProject
Project("{E24C65DC-7377-472B-9ABA-BC803B73C61A}") = "personal", "personal\", "{6F89A4F3-4FC4-44DE-89C9-A74855CC2878}"
	ProjectSection(WebsiteProperties) = preProject
		TargetFrameworkMoniker = ".NETFramework,Version%3Dv4.5"
		ProjectReferences = "{CA4020F7-B048-4DFA-9E13-3E04DB83B093}|LibflClassLibrary.dll;{59c057bf-40ec-4a9e-ae49-1d70b1fc0521}|InvOfBook.dll;"
		Debug.AspNetCompiler.VirtualPath = "/personal"
		Debug.AspNetCompiler.PhysicalPath = "personal\"
		Debug.AspNetCompiler.TargetPath = "PrecompiledWeb\personal\"
		Debug.AspNetCompiler.Updateable = "true"
		Debug.AspNetCompiler.ForceOverwrite = "true"
		Debug.AspNetCompiler.FixedNames = "false"
		Debug.AspNetCompiler.Debug = "True"
		Release.AspNetCompiler.VirtualPath = "/personal"
		Release.AspNetCompiler.PhysicalPath = "personal\"
		Release.AspNetCompiler.TargetPath = "PrecompiledWeb\personal\"
		Release.AspNetCompiler.Updateable = "true"
		Release.AspNetCompiler.ForceOverwrite = "true"
		Release.AspNetCompiler.FixedNames = "false"
		Release.AspNetCompiler.Debug = "False"
		VWDPort = "12588"
		SlnRelativePath = "personal\"
	EndProjectSection
EndProject
Project("{FAE04EC0-301F-11D3-BF4B-00C04F79EFBC}") = "CirculationACC", "CirculationACC\CirculationACC.csproj", "{03E4F417-541C-425B-9F72-989CFFAA1963}"
EndProject
Project("{FAE04EC0-301F-11D3-BF4B-00C04F79EFBC}") = "CirculationFCC", "CirculationFCC\CirculationFCC.csproj", "{2964A788-0667-4F91-93F0-1678D2269399}"
EndProject
Project("{FAE04EC0-301F-11D3-BF4B-00C04F79EFBC}") = "CirculationOF", "circulationof\CirculationOF.csproj", "{C54BE688-4C90-45D4-B402-56D03FEB2944}"
EndProject
Project("{FAE04EC0-301F-11D3-BF4B-00C04F79EFBC}") = "CountOfDigitizedPages", "CountOfDigitizedPages\CountOfDigitizedPages.csproj", "{02408555-3C88-4876-AF14-226B12E82F20}"
EndProject
Project("{FAE04EC0-301F-11D3-BF4B-00C04F79EFBC}") = "DgtPeriodicBackup", "DgtPeriodicBackup\DgtPeriodicBackup.csproj", "{8B9D8021-8FAF-4DBE-83BD-C0E1BFB4D6D4}"
EndProject
Project("{E24C65DC-7377-472B-9ABA-BC803B73C61A}") = "elcir", "elcir\", "{EB7743C5-645F-4C5A-AB02-0BCD7579757D}"
	ProjectSection(WebsiteProperties) = preProject
		TargetFrameworkMoniker = ".NETFramework,Version%3Dv3.5"
		ProjectReferences = "{CA4020F7-B048-4DFA-9E13-3E04DB83B093}|LibflClassLibrary.dll;"
		Debug.AspNetCompiler.VirtualPath = "/elcir"
		Debug.AspNetCompiler.PhysicalPath = "elcir\"
		Debug.AspNetCompiler.TargetPath = "PrecompiledWeb\elcir\"
		Debug.AspNetCompiler.Updateable = "true"
		Debug.AspNetCompiler.ForceOverwrite = "true"
		Debug.AspNetCompiler.FixedNames = "false"
		Debug.AspNetCompiler.Debug = "True"
		Release.AspNetCompiler.VirtualPath = "/elcir"
		Release.AspNetCompiler.PhysicalPath = "elcir\"
		Release.AspNetCompiler.TargetPath = "PrecompiledWeb\elcir\"
		Release.AspNetCompiler.Updateable = "true"
		Release.AspNetCompiler.ForceOverwrite = "true"
		Release.AspNetCompiler.FixedNames = "false"
		Release.AspNetCompiler.Debug = "False"
		VWDPort = "12729"
		SlnRelativePath = "elcir\"
	EndProjectSection
EndProject
Project("{E24C65DC-7377-472B-9ABA-BC803B73C61A}") = "elcirp", "elcirp\", "{30A76BA6-A52B-429E-A852-F9EB1B362AE1}"
	ProjectSection(WebsiteProperties) = preProject
		TargetFrameworkMoniker = ".NETFramework,Version%3Dv3.5"
		Debug.AspNetCompiler.VirtualPath = "/elcirp"
		Debug.AspNetCompiler.PhysicalPath = "elcirp\"
		Debug.AspNetCompiler.TargetPath = "PrecompiledWeb\elcirp\"
		Debug.AspNetCompiler.Updateable = "true"
		Debug.AspNetCompiler.ForceOverwrite = "true"
		Debug.AspNetCompiler.FixedNames = "false"
		Debug.AspNetCompiler.Debug = "True"
		Release.AspNetCompiler.VirtualPath = "/elcirp"
		Release.AspNetCompiler.PhysicalPath = "elcirp\"
		Release.AspNetCompiler.TargetPath = "PrecompiledWeb\elcirp\"
		Release.AspNetCompiler.Updateable = "true"
		Release.AspNetCompiler.ForceOverwrite = "true"
		Release.AspNetCompiler.FixedNames = "false"
		Release.AspNetCompiler.Debug = "False"
		VWDPort = "12732"
		SlnRelativePath = "elcirp\"
	EndProjectSection
EndProject
Project("{FAE04EC0-301F-11D3-BF4B-00C04F79EFBC}") = "ExportFullDatabaseToExcel", "ExportFullDatabaseToExcel\ExportFullDatabaseToExcel.csproj", "{B9124E5A-C576-4578-9B8F-BDB087138157}"
EndProject
Project("{FAE04EC0-301F-11D3-BF4B-00C04F79EFBC}") = "ExportToVufind", "ExportToVufind\ExportToVufind.csproj", "{2B6E5A78-107E-4958-94B3-12EE837434DA}"
	ProjectSection(ProjectDependencies) = postProject
		{CA4020F7-B048-4DFA-9E13-3E04DB83B093} = {CA4020F7-B048-4DFA-9E13-3E04DB83B093}
	EndProjectSection
EndProject
Project("{FAE04EC0-301F-11D3-BF4B-00C04F79EFBC}") = "InsertElectronicExemplarBJ", "InsertElectronicExemplarBJ\InsertElectronicExemplarBJ.csproj", "{E8ACD810-FA6A-4EDA-BDB3-2D7995D694E4}"
EndProject
Project("{FAE04EC0-301F-11D3-BF4B-00C04F79EFBC}") = "InvOfBook", "InvOfBook\InvOfBook.csproj", "{59C057BF-40EC-4A9E-AE49-1D70B1FC0521}"
EndProject
Project("{E24C65DC-7377-472B-9ABA-BC803B73C61A}") = "LIBFLDataProviderAPI", "LIBFLDataProviderAPI\", "{2AED174A-26E4-4D64-B043-5E0B34513106}"
	ProjectSection(WebsiteProperties) = preProject
		TargetFrameworkMoniker = ".NETFramework,Version%3Dv3.5"
		ProjectReferences = "{CA4020F7-B048-4DFA-9E13-3E04DB83B093}|LibflClassLibrary.dll;"
		Debug.AspNetCompiler.VirtualPath = "/LIBFLDataProviderAPI"
		Debug.AspNetCompiler.PhysicalPath = "LIBFLDataProviderAPI\"
		Debug.AspNetCompiler.TargetPath = "PrecompiledWeb\LIBFLDataProviderAPI\"
		Debug.AspNetCompiler.Updateable = "true"
		Debug.AspNetCompiler.ForceOverwrite = "true"
		Debug.AspNetCompiler.FixedNames = "false"
		Debug.AspNetCompiler.Debug = "True"
		Release.AspNetCompiler.VirtualPath = "/LIBFLDataProviderAPI"
		Release.AspNetCompiler.PhysicalPath = "LIBFLDataProviderAPI\"
		Release.AspNetCompiler.TargetPath = "PrecompiledWeb\LIBFLDataProviderAPI\"
		Release.AspNetCompiler.Updateable = "true"
		Release.AspNetCompiler.ForceOverwrite = "true"
		Release.AspNetCompiler.FixedNames = "false"
		Release.AspNetCompiler.Debug = "False"
		VWDPort = "13214"
		SlnRelativePath = "LIBFLDataProviderAPI\"
	EndProjectSection
EndProject
Project("{E24C65DC-7377-472B-9ABA-BC803B73C61A}") = "LITRESADMIN", "LITRESADMIN\", "{B32AC8EB-5803-4825-A8FC-5885C15A5BCD}"
	ProjectSection(WebsiteProperties) = preProject
		TargetFrameworkMoniker = ".NETFramework,Version%3Dv3.5"
		Debug.AspNetCompiler.VirtualPath = "/LITRESADMIN"
		Debug.AspNetCompiler.PhysicalPath = "LITRESADMIN\"
		Debug.AspNetCompiler.TargetPath = "PrecompiledWeb\LITRESADMIN\"
		Debug.AspNetCompiler.Updateable = "true"
		Debug.AspNetCompiler.ForceOverwrite = "true"
		Debug.AspNetCompiler.FixedNames = "false"
		Debug.AspNetCompiler.Debug = "True"
		Release.AspNetCompiler.VirtualPath = "/LITRESADMIN"
		Release.AspNetCompiler.PhysicalPath = "LITRESADMIN\"
		Release.AspNetCompiler.TargetPath = "PrecompiledWeb\LITRESADMIN\"
		Release.AspNetCompiler.Updateable = "true"
		Release.AspNetCompiler.ForceOverwrite = "true"
		Release.AspNetCompiler.FixedNames = "false"
		Release.AspNetCompiler.Debug = "False"
		VWDPort = "13218"
		SlnRelativePath = "LITRESADMIN\"
	EndProjectSection
EndProject
Project("{FAE04EC0-301F-11D3-BF4B-00C04F79EFBC}") = "NEBSynchronization", "NEBSynchronization\NEBSynchronization.csproj", "{9F8AC989-2642-4C4A-AD95-9A73E92B12E2}"
EndProject
Project("{E24C65DC-7377-472B-9ABA-BC803B73C61A}") = "OAI-PMH", "OAI-PMH\", "{C25A9A8E-220A-40B2-A0A1-0DB19972C9E5}"
	ProjectSection(WebsiteProperties) = preProject
		TargetFrameworkMoniker = ".NETFramework,Version%3Dv3.5"
		ProjectReferences = "{CA4020F7-B048-4DFA-9E13-3E04DB83B093}|LibflClassLibrary.dll;"
		Debug.AspNetCompiler.VirtualPath = "/OAI-PMH"
		Debug.AspNetCompiler.PhysicalPath = "OAI-PMH\"
		Debug.AspNetCompiler.TargetPath = "PrecompiledWeb\OAI-PMH\"
		Debug.AspNetCompiler.Updateable = "true"
		Debug.AspNetCompiler.ForceOverwrite = "true"
		Debug.AspNetCompiler.FixedNames = "false"
		Debug.AspNetCompiler.Debug = "True"
		Release.AspNetCompiler.VirtualPath = "/OAI-PMH"
		Release.AspNetCompiler.PhysicalPath = "OAI-PMH\"
		Release.AspNetCompiler.TargetPath = "PrecompiledWeb\OAI-PMH\"
		Release.AspNetCompiler.Updateable = "true"
		Release.AspNetCompiler.ForceOverwrite = "true"
		Release.AspNetCompiler.FixedNames = "false"
		Release.AspNetCompiler.Debug = "False"
		VWDPort = "13239"
		SlnRelativePath = "OAI-PMH\"
	EndProjectSection
EndProject
Project("{FAE04EC0-301F-11D3-BF4B-00C04F79EFBC}") = "PrintRastShifr", "PrintRastShifr\PrintRastShifr.csproj", "{FFA0046A-15DE-400A-9993-7236B4904CC3}"
EndProject
Project("{FAE04EC0-301F-11D3-BF4B-00C04F79EFBC}") = "SPDATES", "SPDATES\SPDATES.csproj", "{CD11F5D1-07D5-4050-B979-10F663E7B75F}"
EndProject
Project("{E24C65DC-7377-472B-9ABA-BC803B73C61A}") = "TurnDigBooks", "TurnDigBooks\", "{240FAA3D-FD95-486C-A10A-EC6E4A895C5F}"
	ProjectSection(WebsiteProperties) = preProject
		TargetFrameworkMoniker = ".NETFramework,Version%3Dv3.5"
		Debug.AspNetCompiler.VirtualPath = "/TurnDigBooks"
		Debug.AspNetCompiler.PhysicalPath = "TurnDigBooks\"
		Debug.AspNetCompiler.TargetPath = "PrecompiledWeb\TurnDigBooks\"
		Debug.AspNetCompiler.Updateable = "true"
		Debug.AspNetCompiler.ForceOverwrite = "true"
		Debug.AspNetCompiler.FixedNames = "false"
		Debug.AspNetCompiler.Debug = "True"
		Release.AspNetCompiler.VirtualPath = "/TurnDigBooks"
		Release.AspNetCompiler.PhysicalPath = "TurnDigBooks\"
		Release.AspNetCompiler.TargetPath = "PrecompiledWeb\TurnDigBooks\"
		Release.AspNetCompiler.Updateable = "true"
		Release.AspNetCompiler.ForceOverwrite = "true"
		Release.AspNetCompiler.FixedNames = "false"
		Release.AspNetCompiler.Debug = "False"
		VWDPort = "13374"
		SlnRelativePath = "TurnDigBooks\"
	EndProjectSection
EndProject
Project("{E24C65DC-7377-472B-9ABA-BC803B73C61A}") = "TurnDigBooksAdmin", "TurnDigBooksAdmin\", "{B29D62ED-10D1-43C2-A8B1-1D8442D668D7}"
	ProjectSection(WebsiteProperties) = preProject
		TargetFrameworkMoniker = ".NETFramework,Version%3Dv3.5"
		Debug.AspNetCompiler.VirtualPath = "/TurnDigBooksAdmin"
		Debug.AspNetCompiler.PhysicalPath = "TurnDigBooksAdmin\"
		Debug.AspNetCompiler.TargetPath = "PrecompiledWeb\TurnDigBooksAdmin\"
		Debug.AspNetCompiler.Updateable = "true"
		Debug.AspNetCompiler.ForceOverwrite = "true"
		Debug.AspNetCompiler.FixedNames = "false"
		Debug.AspNetCompiler.Debug = "True"
		Release.AspNetCompiler.VirtualPath = "/TurnDigBooksAdmin"
		Release.AspNetCompiler.PhysicalPath = "TurnDigBooksAdmin\"
		Release.AspNetCompiler.TargetPath = "PrecompiledWeb\TurnDigBooksAdmin\"
		Release.AspNetCompiler.Updateable = "true"
		Release.AspNetCompiler.ForceOverwrite = "true"
		Release.AspNetCompiler.FixedNames = "false"
		Release.AspNetCompiler.Debug = "False"
		VWDPort = "13377"
		SlnRelativePath = "TurnDigBooksAdmin\"
	EndProjectSection
EndProject
Project("{FAE04EC0-301F-11D3-BF4B-00C04F79EFBC}") = "UpDgtPeriodic", "UpDgtPeriodic\UpDgtPeriodic.csproj", "{2E7B6E5F-6CB9-4115-BF55-66A5C2C0D2E0}"
EndProject
Project("{FAE04EC0-301F-11D3-BF4B-00C04F79EFBC}") = "WriteOff", "WriteOff\WriteOff.csproj", "{F4BF294F-6A92-4846-B187-E76EC3B0FF32}"
EndProject
Project("{FAE04EC0-301F-11D3-BF4B-00C04F79EFBC}") = "BookkeepingForOrder", "BookkeepingForOrder\BookkeepingForOrder.csproj", "{8E095F25-7A1B-468C-B2B4-37CC7CDAC308}"
	ProjectSection(ProjectDependencies) = postProject
		{CA4020F7-B048-4DFA-9E13-3E04DB83B093} = {CA4020F7-B048-4DFA-9E13-3E04DB83B093}
	EndProjectSection
EndProject
Project("{FAE04EC0-301F-11D3-BF4B-00C04F79EFBC}") = "ExportBJ_XMLRUSMARC", "ExportBJ_XMLRUSMARC\ExportBJ_XMLRUSMARC.csproj", "{500FC7F2-E39F-484A-8BE4-FD272C31ED42}"
EndProject
Project("{FAE04EC0-301F-11D3-BF4B-00C04F79EFBC}") = "VufindIncrementUpdate", "VufindIncrementUpdate\VufindIncrementUpdate.csproj", "{7B015118-F9E1-4607-8C94-35D175C691A7}"
EndProject
Project("{FAE04EC0-301F-11D3-BF4B-00C04F79EFBC}") = "AddLitresAccounts", "AddLitresAccounts\AddLitresAccounts.csproj", "{F169D89D-DCDA-4D2A-8F7D-FDDB32AAF102}"
EndProject
Project("{FAE04EC0-301F-11D3-BF4B-00C04F79EFBC}") = "ALISAPI", "ALISAPI\ALISAPI.csproj", "{342E9693-4E7F-45AF-B917-56F977BD7F9B}"
	ProjectSection(ProjectDependencies) = postProject
		{CA4020F7-B048-4DFA-9E13-3E04DB83B093} = {CA4020F7-B048-4DFA-9E13-3E04DB83B093}
	EndProjectSection
EndProject
Project("{FAE04EC0-301F-11D3-BF4B-00C04F79EFBC}") = "ALISAPI_TEST", "ALISAPI_TEST\ALISAPI_TEST.csproj", "{38CA557D-1C7A-4A08-926E-119995021205}"
EndProject
Project("{FAE04EC0-301F-11D3-BF4B-00C04F79EFBC}") = "OneTimeProjectForGlueGoogleExportXMLs", "OneTimeProjectForGlueGoogleExportXMLs\OneTimeProjectForGlueGoogleExportXMLs.csproj", "{CEE46F9B-05A3-4729-86F6-F378F175834F}"
EndProject
Project("{2150E333-8FDC-42A3-9474-1A3956D46DE8}") = "OneTimeProjects", "OneTimeProjects", "{172B6033-F306-482B-B443-5D565ADCB12A}"
EndProject
Project("{2150E333-8FDC-42A3-9474-1A3956D46DE8}") = "Example projects", "Example projects", "{F06A4AB3-9392-4157-B11A-9CCEE75EC75E}"
EndProject
Project("{FAE04EC0-301F-11D3-BF4B-00C04F79EFBC}") = "dynamic example", "ExampleProjects\dynamic example\dynamic example\dynamic example.csproj", "{64066C7E-5692-46BE-AD4F-522A89310F08}"
EndProject
Project("{FAE04EC0-301F-11D3-BF4B-00C04F79EFBC}") = "visitor example", "ExampleProjects\visitor example\visitor example\visitor example.csproj", "{2A22DBD4-961C-4116-BDE2-C1457C62F065}"
EndProject
Project("{FAE04EC0-301F-11D3-BF4B-00C04F79EFBC}") = "RenamePDFWithBJPIN", "RenamePDFWithBJPIN\RenamePDFWithBJPIN.csproj", "{A7B2D729-46D3-48C7-AE2E-417A19BDD42D}"
EndProject
Project("{2150E333-8FDC-42A3-9474-1A3956D46DE8}") = "Web", "Web", "{43CBF2E9-8CE3-4AFF-9948-87AA9904013A}"
EndProject
Project("{FAE04EC0-301F-11D3-BF4B-00C04F79EFBC}") = "WriteoffExcel", "WriteoffExcel\WriteoffExcel.csproj", "{DF2197FC-6287-4BA9-8CFF-3CAFF098F598}"
EndProject
Project("{FAE04EC0-301F-11D3-BF4B-00C04F79EFBC}") = "ImportBJUserRolesAndRights", "ImportBJUserRolesAndRights\ImportBJUserRolesAndRights.csproj", "{38DC5A17-DE18-4D50-ABB1-39562FEFFFBC}"
EndProject
Project("{FAE04EC0-301F-11D3-BF4B-00C04F79EFBC}") = "WalkThroughAllCovers", "WalkThroughAllCovers\WalkThroughAllCovers.csproj", "{D3656821-75F7-4273-BF97-50066A35C808}"
EndProject
Project("{FAE04EC0-301F-11D3-BF4B-00C04F79EFBC}") = "CirculationApp", "CirculationApp\CirculationApp.csproj", "{10420E1E-22F9-4F1B-B904-26C08DC79E26}"
EndProject
Global
	GlobalSection(SolutionConfigurationPlatforms) = preSolution
		Debug|Any CPU = Debug|Any CPU
		Release|Any CPU = Release|Any CPU
	EndGlobalSection
	GlobalSection(ProjectConfigurationPlatforms) = postSolution
		{CA4020F7-B048-4DFA-9E13-3E04DB83B093}.Debug|Any CPU.ActiveCfg = Debug|Any CPU
		{CA4020F7-B048-4DFA-9E13-3E04DB83B093}.Debug|Any CPU.Build.0 = Debug|Any CPU
		{CA4020F7-B048-4DFA-9E13-3E04DB83B093}.Release|Any CPU.ActiveCfg = Release|Any CPU
		{CA4020F7-B048-4DFA-9E13-3E04DB83B093}.Release|Any CPU.Build.0 = Release|Any CPU
		{1163F022-8067-4B60-ACC3-C37FD5EA86DA}.Debug|Any CPU.ActiveCfg = Debug|Any CPU
		{1163F022-8067-4B60-ACC3-C37FD5EA86DA}.Debug|Any CPU.Build.0 = Debug|Any CPU
		{1163F022-8067-4B60-ACC3-C37FD5EA86DA}.Release|Any CPU.ActiveCfg = Release|Any CPU
		{1163F022-8067-4B60-ACC3-C37FD5EA86DA}.Release|Any CPU.Build.0 = Release|Any CPU
		{6F89A4F3-4FC4-44DE-89C9-A74855CC2878}.Debug|Any CPU.ActiveCfg = Debug|Any CPU
		{6F89A4F3-4FC4-44DE-89C9-A74855CC2878}.Debug|Any CPU.Build.0 = Debug|Any CPU
		{6F89A4F3-4FC4-44DE-89C9-A74855CC2878}.Release|Any CPU.ActiveCfg = Debug|Any CPU
		{6F89A4F3-4FC4-44DE-89C9-A74855CC2878}.Release|Any CPU.Build.0 = Debug|Any CPU
		{03E4F417-541C-425B-9F72-989CFFAA1963}.Debug|Any CPU.ActiveCfg = Debug|Any CPU
		{03E4F417-541C-425B-9F72-989CFFAA1963}.Debug|Any CPU.Build.0 = Debug|Any CPU
		{03E4F417-541C-425B-9F72-989CFFAA1963}.Release|Any CPU.ActiveCfg = Release|Any CPU
		{03E4F417-541C-425B-9F72-989CFFAA1963}.Release|Any CPU.Build.0 = Release|Any CPU
		{2964A788-0667-4F91-93F0-1678D2269399}.Debug|Any CPU.ActiveCfg = Debug|Any CPU
		{2964A788-0667-4F91-93F0-1678D2269399}.Debug|Any CPU.Build.0 = Debug|Any CPU
		{2964A788-0667-4F91-93F0-1678D2269399}.Release|Any CPU.ActiveCfg = Release|Any CPU
		{2964A788-0667-4F91-93F0-1678D2269399}.Release|Any CPU.Build.0 = Release|Any CPU
		{C54BE688-4C90-45D4-B402-56D03FEB2944}.Debug|Any CPU.ActiveCfg = Debug|Any CPU
		{C54BE688-4C90-45D4-B402-56D03FEB2944}.Debug|Any CPU.Build.0 = Debug|Any CPU
		{C54BE688-4C90-45D4-B402-56D03FEB2944}.Release|Any CPU.ActiveCfg = Release|Any CPU
		{C54BE688-4C90-45D4-B402-56D03FEB2944}.Release|Any CPU.Build.0 = Release|Any CPU
		{02408555-3C88-4876-AF14-226B12E82F20}.Debug|Any CPU.ActiveCfg = Debug|Any CPU
		{02408555-3C88-4876-AF14-226B12E82F20}.Debug|Any CPU.Build.0 = Debug|Any CPU
		{02408555-3C88-4876-AF14-226B12E82F20}.Release|Any CPU.ActiveCfg = Release|Any CPU
		{02408555-3C88-4876-AF14-226B12E82F20}.Release|Any CPU.Build.0 = Release|Any CPU
		{8B9D8021-8FAF-4DBE-83BD-C0E1BFB4D6D4}.Debug|Any CPU.ActiveCfg = Debug|Any CPU
		{8B9D8021-8FAF-4DBE-83BD-C0E1BFB4D6D4}.Debug|Any CPU.Build.0 = Debug|Any CPU
		{8B9D8021-8FAF-4DBE-83BD-C0E1BFB4D6D4}.Release|Any CPU.ActiveCfg = Release|Any CPU
		{8B9D8021-8FAF-4DBE-83BD-C0E1BFB4D6D4}.Release|Any CPU.Build.0 = Release|Any CPU
		{EB7743C5-645F-4C5A-AB02-0BCD7579757D}.Debug|Any CPU.ActiveCfg = Debug|Any CPU
		{EB7743C5-645F-4C5A-AB02-0BCD7579757D}.Debug|Any CPU.Build.0 = Debug|Any CPU
		{EB7743C5-645F-4C5A-AB02-0BCD7579757D}.Release|Any CPU.ActiveCfg = Debug|Any CPU
		{EB7743C5-645F-4C5A-AB02-0BCD7579757D}.Release|Any CPU.Build.0 = Debug|Any CPU
		{30A76BA6-A52B-429E-A852-F9EB1B362AE1}.Debug|Any CPU.ActiveCfg = Debug|Any CPU
		{30A76BA6-A52B-429E-A852-F9EB1B362AE1}.Debug|Any CPU.Build.0 = Debug|Any CPU
		{30A76BA6-A52B-429E-A852-F9EB1B362AE1}.Release|Any CPU.ActiveCfg = Debug|Any CPU
		{30A76BA6-A52B-429E-A852-F9EB1B362AE1}.Release|Any CPU.Build.0 = Debug|Any CPU
		{B9124E5A-C576-4578-9B8F-BDB087138157}.Debug|Any CPU.ActiveCfg = Debug|Any CPU
		{B9124E5A-C576-4578-9B8F-BDB087138157}.Debug|Any CPU.Build.0 = Debug|Any CPU
		{B9124E5A-C576-4578-9B8F-BDB087138157}.Release|Any CPU.ActiveCfg = Release|Any CPU
		{B9124E5A-C576-4578-9B8F-BDB087138157}.Release|Any CPU.Build.0 = Release|Any CPU
		{2B6E5A78-107E-4958-94B3-12EE837434DA}.Debug|Any CPU.ActiveCfg = Debug|Any CPU
		{2B6E5A78-107E-4958-94B3-12EE837434DA}.Debug|Any CPU.Build.0 = Debug|Any CPU
		{2B6E5A78-107E-4958-94B3-12EE837434DA}.Release|Any CPU.ActiveCfg = Release|Any CPU
		{2B6E5A78-107E-4958-94B3-12EE837434DA}.Release|Any CPU.Build.0 = Release|Any CPU
		{E8ACD810-FA6A-4EDA-BDB3-2D7995D694E4}.Debug|Any CPU.ActiveCfg = Debug|Any CPU
		{E8ACD810-FA6A-4EDA-BDB3-2D7995D694E4}.Debug|Any CPU.Build.0 = Debug|Any CPU
		{E8ACD810-FA6A-4EDA-BDB3-2D7995D694E4}.Release|Any CPU.ActiveCfg = Release|Any CPU
		{E8ACD810-FA6A-4EDA-BDB3-2D7995D694E4}.Release|Any CPU.Build.0 = Release|Any CPU
		{59C057BF-40EC-4A9E-AE49-1D70B1FC0521}.Debug|Any CPU.ActiveCfg = Debug|Any CPU
		{59C057BF-40EC-4A9E-AE49-1D70B1FC0521}.Debug|Any CPU.Build.0 = Debug|Any CPU
		{59C057BF-40EC-4A9E-AE49-1D70B1FC0521}.Release|Any CPU.ActiveCfg = Release|Any CPU
		{59C057BF-40EC-4A9E-AE49-1D70B1FC0521}.Release|Any CPU.Build.0 = Release|Any CPU
		{2AED174A-26E4-4D64-B043-5E0B34513106}.Debug|Any CPU.ActiveCfg = Debug|Any CPU
		{2AED174A-26E4-4D64-B043-5E0B34513106}.Debug|Any CPU.Build.0 = Debug|Any CPU
		{2AED174A-26E4-4D64-B043-5E0B34513106}.Release|Any CPU.ActiveCfg = Debug|Any CPU
		{2AED174A-26E4-4D64-B043-5E0B34513106}.Release|Any CPU.Build.0 = Debug|Any CPU
		{B32AC8EB-5803-4825-A8FC-5885C15A5BCD}.Debug|Any CPU.ActiveCfg = Debug|Any CPU
		{B32AC8EB-5803-4825-A8FC-5885C15A5BCD}.Debug|Any CPU.Build.0 = Debug|Any CPU
		{B32AC8EB-5803-4825-A8FC-5885C15A5BCD}.Release|Any CPU.ActiveCfg = Debug|Any CPU
		{B32AC8EB-5803-4825-A8FC-5885C15A5BCD}.Release|Any CPU.Build.0 = Debug|Any CPU
		{9F8AC989-2642-4C4A-AD95-9A73E92B12E2}.Debug|Any CPU.ActiveCfg = Debug|Any CPU
		{9F8AC989-2642-4C4A-AD95-9A73E92B12E2}.Debug|Any CPU.Build.0 = Debug|Any CPU
		{9F8AC989-2642-4C4A-AD95-9A73E92B12E2}.Release|Any CPU.ActiveCfg = Release|Any CPU
		{9F8AC989-2642-4C4A-AD95-9A73E92B12E2}.Release|Any CPU.Build.0 = Release|Any CPU
		{C25A9A8E-220A-40B2-A0A1-0DB19972C9E5}.Debug|Any CPU.ActiveCfg = Debug|Any CPU
		{C25A9A8E-220A-40B2-A0A1-0DB19972C9E5}.Debug|Any CPU.Build.0 = Debug|Any CPU
		{C25A9A8E-220A-40B2-A0A1-0DB19972C9E5}.Release|Any CPU.ActiveCfg = Debug|Any CPU
		{C25A9A8E-220A-40B2-A0A1-0DB19972C9E5}.Release|Any CPU.Build.0 = Debug|Any CPU
		{FFA0046A-15DE-400A-9993-7236B4904CC3}.Debug|Any CPU.ActiveCfg = Debug|Any CPU
		{FFA0046A-15DE-400A-9993-7236B4904CC3}.Debug|Any CPU.Build.0 = Debug|Any CPU
		{FFA0046A-15DE-400A-9993-7236B4904CC3}.Release|Any CPU.ActiveCfg = Release|Any CPU
		{FFA0046A-15DE-400A-9993-7236B4904CC3}.Release|Any CPU.Build.0 = Release|Any CPU
		{CD11F5D1-07D5-4050-B979-10F663E7B75F}.Debug|Any CPU.ActiveCfg = Debug|Any CPU
		{CD11F5D1-07D5-4050-B979-10F663E7B75F}.Debug|Any CPU.Build.0 = Debug|Any CPU
		{CD11F5D1-07D5-4050-B979-10F663E7B75F}.Release|Any CPU.ActiveCfg = Release|Any CPU
		{CD11F5D1-07D5-4050-B979-10F663E7B75F}.Release|Any CPU.Build.0 = Release|Any CPU
		{240FAA3D-FD95-486C-A10A-EC6E4A895C5F}.Debug|Any CPU.ActiveCfg = Debug|Any CPU
		{240FAA3D-FD95-486C-A10A-EC6E4A895C5F}.Debug|Any CPU.Build.0 = Debug|Any CPU
		{240FAA3D-FD95-486C-A10A-EC6E4A895C5F}.Release|Any CPU.ActiveCfg = Debug|Any CPU
		{240FAA3D-FD95-486C-A10A-EC6E4A895C5F}.Release|Any CPU.Build.0 = Debug|Any CPU
		{B29D62ED-10D1-43C2-A8B1-1D8442D668D7}.Debug|Any CPU.ActiveCfg = Debug|Any CPU
		{B29D62ED-10D1-43C2-A8B1-1D8442D668D7}.Debug|Any CPU.Build.0 = Debug|Any CPU
		{B29D62ED-10D1-43C2-A8B1-1D8442D668D7}.Release|Any CPU.ActiveCfg = Debug|Any CPU
		{B29D62ED-10D1-43C2-A8B1-1D8442D668D7}.Release|Any CPU.Build.0 = Debug|Any CPU
		{2E7B6E5F-6CB9-4115-BF55-66A5C2C0D2E0}.Debug|Any CPU.ActiveCfg = Debug|Any CPU
		{2E7B6E5F-6CB9-4115-BF55-66A5C2C0D2E0}.Debug|Any CPU.Build.0 = Debug|Any CPU
		{2E7B6E5F-6CB9-4115-BF55-66A5C2C0D2E0}.Release|Any CPU.ActiveCfg = Release|Any CPU
		{2E7B6E5F-6CB9-4115-BF55-66A5C2C0D2E0}.Release|Any CPU.Build.0 = Release|Any CPU
		{F4BF294F-6A92-4846-B187-E76EC3B0FF32}.Debug|Any CPU.ActiveCfg = Debug|Any CPU
		{F4BF294F-6A92-4846-B187-E76EC3B0FF32}.Debug|Any CPU.Build.0 = Debug|Any CPU
		{F4BF294F-6A92-4846-B187-E76EC3B0FF32}.Release|Any CPU.ActiveCfg = Release|Any CPU
		{F4BF294F-6A92-4846-B187-E76EC3B0FF32}.Release|Any CPU.Build.0 = Release|Any CPU
		{8E095F25-7A1B-468C-B2B4-37CC7CDAC308}.Debug|Any CPU.ActiveCfg = Debug|Any CPU
		{8E095F25-7A1B-468C-B2B4-37CC7CDAC308}.Debug|Any CPU.Build.0 = Debug|Any CPU
		{8E095F25-7A1B-468C-B2B4-37CC7CDAC308}.Release|Any CPU.ActiveCfg = Release|Any CPU
		{8E095F25-7A1B-468C-B2B4-37CC7CDAC308}.Release|Any CPU.Build.0 = Release|Any CPU
		{500FC7F2-E39F-484A-8BE4-FD272C31ED42}.Debug|Any CPU.ActiveCfg = Debug|Any CPU
		{500FC7F2-E39F-484A-8BE4-FD272C31ED42}.Debug|Any CPU.Build.0 = Debug|Any CPU
		{500FC7F2-E39F-484A-8BE4-FD272C31ED42}.Release|Any CPU.ActiveCfg = Release|Any CPU
		{500FC7F2-E39F-484A-8BE4-FD272C31ED42}.Release|Any CPU.Build.0 = Release|Any CPU
		{7B015118-F9E1-4607-8C94-35D175C691A7}.Debug|Any CPU.ActiveCfg = Debug|Any CPU
		{7B015118-F9E1-4607-8C94-35D175C691A7}.Debug|Any CPU.Build.0 = Debug|Any CPU
		{7B015118-F9E1-4607-8C94-35D175C691A7}.Release|Any CPU.ActiveCfg = Release|Any CPU
		{7B015118-F9E1-4607-8C94-35D175C691A7}.Release|Any CPU.Build.0 = Release|Any CPU
		{F169D89D-DCDA-4D2A-8F7D-FDDB32AAF102}.Debug|Any CPU.ActiveCfg = Debug|Any CPU
		{F169D89D-DCDA-4D2A-8F7D-FDDB32AAF102}.Debug|Any CPU.Build.0 = Debug|Any CPU
		{F169D89D-DCDA-4D2A-8F7D-FDDB32AAF102}.Release|Any CPU.ActiveCfg = Release|Any CPU
		{F169D89D-DCDA-4D2A-8F7D-FDDB32AAF102}.Release|Any CPU.Build.0 = Release|Any CPU
		{342E9693-4E7F-45AF-B917-56F977BD7F9B}.Debug|Any CPU.ActiveCfg = Debug|Any CPU
		{342E9693-4E7F-45AF-B917-56F977BD7F9B}.Debug|Any CPU.Build.0 = Debug|Any CPU
		{342E9693-4E7F-45AF-B917-56F977BD7F9B}.Release|Any CPU.ActiveCfg = Release|Any CPU
		{342E9693-4E7F-45AF-B917-56F977BD7F9B}.Release|Any CPU.Build.0 = Release|Any CPU
		{38CA557D-1C7A-4A08-926E-119995021205}.Debug|Any CPU.ActiveCfg = Debug|Any CPU
		{38CA557D-1C7A-4A08-926E-119995021205}.Debug|Any CPU.Build.0 = Debug|Any CPU
		{38CA557D-1C7A-4A08-926E-119995021205}.Release|Any CPU.ActiveCfg = Release|Any CPU
		{38CA557D-1C7A-4A08-926E-119995021205}.Release|Any CPU.Build.0 = Release|Any CPU
		{CEE46F9B-05A3-4729-86F6-F378F175834F}.Debug|Any CPU.ActiveCfg = Debug|Any CPU
		{CEE46F9B-05A3-4729-86F6-F378F175834F}.Debug|Any CPU.Build.0 = Debug|Any CPU
		{CEE46F9B-05A3-4729-86F6-F378F175834F}.Release|Any CPU.ActiveCfg = Release|Any CPU
		{CEE46F9B-05A3-4729-86F6-F378F175834F}.Release|Any CPU.Build.0 = Release|Any CPU
		{64066C7E-5692-46BE-AD4F-522A89310F08}.Debug|Any CPU.ActiveCfg = Debug|Any CPU
		{64066C7E-5692-46BE-AD4F-522A89310F08}.Debug|Any CPU.Build.0 = Debug|Any CPU
		{64066C7E-5692-46BE-AD4F-522A89310F08}.Release|Any CPU.ActiveCfg = Release|Any CPU
		{64066C7E-5692-46BE-AD4F-522A89310F08}.Release|Any CPU.Build.0 = Release|Any CPU
		{2A22DBD4-961C-4116-BDE2-C1457C62F065}.Debug|Any CPU.ActiveCfg = Debug|Any CPU
		{2A22DBD4-961C-4116-BDE2-C1457C62F065}.Debug|Any CPU.Build.0 = Debug|Any CPU
		{2A22DBD4-961C-4116-BDE2-C1457C62F065}.Release|Any CPU.ActiveCfg = Release|Any CPU
		{2A22DBD4-961C-4116-BDE2-C1457C62F065}.Release|Any CPU.Build.0 = Release|Any CPU
		{A7B2D729-46D3-48C7-AE2E-417A19BDD42D}.Debug|Any CPU.ActiveCfg = Debug|Any CPU
		{A7B2D729-46D3-48C7-AE2E-417A19BDD42D}.Debug|Any CPU.Build.0 = Debug|Any CPU
		{A7B2D729-46D3-48C7-AE2E-417A19BDD42D}.Release|Any CPU.ActiveCfg = Release|Any CPU
		{A7B2D729-46D3-48C7-AE2E-417A19BDD42D}.Release|Any CPU.Build.0 = Release|Any CPU
		{DF2197FC-6287-4BA9-8CFF-3CAFF098F598}.Debug|Any CPU.ActiveCfg = Debug|Any CPU
		{DF2197FC-6287-4BA9-8CFF-3CAFF098F598}.Debug|Any CPU.Build.0 = Debug|Any CPU
		{DF2197FC-6287-4BA9-8CFF-3CAFF098F598}.Release|Any CPU.ActiveCfg = Release|Any CPU
		{DF2197FC-6287-4BA9-8CFF-3CAFF098F598}.Release|Any CPU.Build.0 = Release|Any CPU
		{38DC5A17-DE18-4D50-ABB1-39562FEFFFBC}.Debug|Any CPU.ActiveCfg = Debug|Any CPU
		{38DC5A17-DE18-4D50-ABB1-39562FEFFFBC}.Debug|Any CPU.Build.0 = Debug|Any CPU
		{38DC5A17-DE18-4D50-ABB1-39562FEFFFBC}.Release|Any CPU.ActiveCfg = Release|Any CPU
		{38DC5A17-DE18-4D50-ABB1-39562FEFFFBC}.Release|Any CPU.Build.0 = Release|Any CPU
		{D3656821-75F7-4273-BF97-50066A35C808}.Debug|Any CPU.ActiveCfg = Debug|Any CPU
		{D3656821-75F7-4273-BF97-50066A35C808}.Debug|Any CPU.Build.0 = Debug|Any CPU
		{D3656821-75F7-4273-BF97-50066A35C808}.Release|Any CPU.ActiveCfg = Release|Any CPU
		{D3656821-75F7-4273-BF97-50066A35C808}.Release|Any CPU.Build.0 = Release|Any CPU
		{10420E1E-22F9-4F1B-B904-26C08DC79E26}.Debug|Any CPU.ActiveCfg = Debug|Any CPU
		{10420E1E-22F9-4F1B-B904-26C08DC79E26}.Debug|Any CPU.Build.0 = Debug|Any CPU
		{10420E1E-22F9-4F1B-B904-26C08DC79E26}.Release|Any CPU.ActiveCfg = Release|Any CPU
		{10420E1E-22F9-4F1B-B904-26C08DC79E26}.Release|Any CPU.Build.0 = Release|Any CPU
	EndGlobalSection
	GlobalSection(SolutionProperties) = preSolution
		HideSolutionNode = FALSE
	EndGlobalSection
	GlobalSection(NestedProjects) = preSolution
		{6F89A4F3-4FC4-44DE-89C9-A74855CC2878} = {43CBF2E9-8CE3-4AFF-9948-87AA9904013A}
		{EB7743C5-645F-4C5A-AB02-0BCD7579757D} = {43CBF2E9-8CE3-4AFF-9948-87AA9904013A}
		{30A76BA6-A52B-429E-A852-F9EB1B362AE1} = {43CBF2E9-8CE3-4AFF-9948-87AA9904013A}
		{B9124E5A-C576-4578-9B8F-BDB087138157} = {172B6033-F306-482B-B443-5D565ADCB12A}
		{2AED174A-26E4-4D64-B043-5E0B34513106} = {43CBF2E9-8CE3-4AFF-9948-87AA9904013A}
		{B32AC8EB-5803-4825-A8FC-5885C15A5BCD} = {43CBF2E9-8CE3-4AFF-9948-87AA9904013A}
		{C25A9A8E-220A-40B2-A0A1-0DB19972C9E5} = {43CBF2E9-8CE3-4AFF-9948-87AA9904013A}
		{240FAA3D-FD95-486C-A10A-EC6E4A895C5F} = {43CBF2E9-8CE3-4AFF-9948-87AA9904013A}
		{B29D62ED-10D1-43C2-A8B1-1D8442D668D7} = {43CBF2E9-8CE3-4AFF-9948-87AA9904013A}
		{CEE46F9B-05A3-4729-86F6-F378F175834F} = {172B6033-F306-482B-B443-5D565ADCB12A}
		{64066C7E-5692-46BE-AD4F-522A89310F08} = {F06A4AB3-9392-4157-B11A-9CCEE75EC75E}
		{2A22DBD4-961C-4116-BDE2-C1457C62F065} = {F06A4AB3-9392-4157-B11A-9CCEE75EC75E}
		{A7B2D729-46D3-48C7-AE2E-417A19BDD42D} = {172B6033-F306-482B-B443-5D565ADCB12A}
		{38DC5A17-DE18-4D50-ABB1-39562FEFFFBC} = {172B6033-F306-482B-B443-5D565ADCB12A}
		{D3656821-75F7-4273-BF97-50066A35C808} = {172B6033-F306-482B-B443-5D565ADCB12A}
	EndGlobalSection
	GlobalSection(ExtensibilityGlobals) = postSolution
		SolutionGuid = {BA724ECA-4FCD-4BF4-9553-7CA9DBF07D8D}
	EndGlobalSection
EndGlobal
